// !$*UTF8*$!
{
	archiveVersion = 1;
	classes = {
	};
	objectVersion = 50;
	objects = {

/* Begin PBXBuildFile section */
		5B5B49AA256EC218005027D3 /* AppDelegate.swift in Sources */ = {isa = PBXBuildFile; fileRef = 5B5B49A9256EC218005027D3 /* AppDelegate.swift */; };
		5B5B49AC256EC218005027D3 /* SceneDelegate.swift in Sources */ = {isa = PBXBuildFile; fileRef = 5B5B49AB256EC218005027D3 /* SceneDelegate.swift */; };
		5B5B49AE256EC218005027D3 /* LaunchViewController.swift in Sources */ = {isa = PBXBuildFile; fileRef = 5B5B49AD256EC218005027D3 /* LaunchViewController.swift */; };
		5B5B49B3256EC219005027D3 /* Assets.xcassets in Resources */ = {isa = PBXBuildFile; fileRef = 5B5B49B2256EC219005027D3 /* Assets.xcassets */; };
		5B5B49B6256EC219005027D3 /* LaunchScreen.storyboard in Resources */ = {isa = PBXBuildFile; fileRef = 5B5B49B4256EC219005027D3 /* LaunchScreen.storyboard */; };
		5B7B1F7E25820E7D006C13E1 /* Ext+UIViewController.swift in Sources */ = {isa = PBXBuildFile; fileRef = 5B7B1F7D25820E7D006C13E1 /* Ext+UIViewController.swift */; };
		5BA07CF1257F97C5009F11CA /* ViewControllersArray.swift in Sources */ = {isa = PBXBuildFile; fileRef = 5BA07CF0257F97C5009F11CA /* ViewControllersArray.swift */; };
		5BA07CF7257F9BE0009F11CA /* Ext+UIView.swift in Sources */ = {isa = PBXBuildFile; fileRef = 5BA07CF6257F9BE0009F11CA /* Ext+UIView.swift */; };
		5BA07CFC257FCC2C009F11CA /* HerosViewController.swift in Sources */ = {isa = PBXBuildFile; fileRef = 5BA07CFB257FCC2C009F11CA /* HerosViewController.swift */; };
		5BA07CFF257FCC64009F11CA /* VillainsViewController.swift in Sources */ = {isa = PBXBuildFile; fileRef = 5BA07CFE257FCC64009F11CA /* VillainsViewController.swift */; };
		5BA07D05257FE7E2009F11CA /* MarvelCharacters.swift in Sources */ = {isa = PBXBuildFile; fileRef = 5BA07D04257FE7E2009F11CA /* MarvelCharacters.swift */; };
		5BA07D08257FE93B009F11CA /* Heros.swift in Sources */ = {isa = PBXBuildFile; fileRef = 5BA07D07257FE93B009F11CA /* Heros.swift */; };
		5BA07D0E257FECA6009F11CA /* HeroCell.swift in Sources */ = {isa = PBXBuildFile; fileRef = 5BA07D0C257FECA6009F11CA /* HeroCell.swift */; };
		5BA07D0F257FECA6009F11CA /* HeroCell.xib in Resources */ = {isa = PBXBuildFile; fileRef = 5BA07D0D257FECA6009F11CA /* HeroCell.xib */; };
		5BEBAEB5258125C100433476 /* DetailController.swift in Sources */ = {isa = PBXBuildFile; fileRef = 5BEBAEB3258125C100433476 /* DetailController.swift */; };
		5BEBAEB6258125C100433476 /* DetailController.xib in Resources */ = {isa = PBXBuildFile; fileRef = 5BEBAEB4258125C100433476 /* DetailController.xib */; };
		5BEBAEBD25814E8B00433476 /* CharactersStoryEnum.swift in Sources */ = {isa = PBXBuildFile; fileRef = 5BEBAEBC25814E8B00433476 /* CharactersStoryEnum.swift */; };
/* End PBXBuildFile section */

/* Begin PBXFileReference section */
		5B5B49A6256EC218005027D3 /* AvengersApp.app */ = {isa = PBXFileReference; explicitFileType = wrapper.application; includeInIndex = 0; path = AvengersApp.app; sourceTree = BUILT_PRODUCTS_DIR; };
		5B5B49A9256EC218005027D3 /* AppDelegate.swift */ = {isa = PBXFileReference; lastKnownFileType = sourcecode.swift; path = AppDelegate.swift; sourceTree = "<group>"; };
		5B5B49AB256EC218005027D3 /* SceneDelegate.swift */ = {isa = PBXFileReference; lastKnownFileType = sourcecode.swift; path = SceneDelegate.swift; sourceTree = "<group>"; };
		5B5B49AD256EC218005027D3 /* LaunchViewController.swift */ = {isa = PBXFileReference; lastKnownFileType = sourcecode.swift; path = LaunchViewController.swift; sourceTree = "<group>"; };
		5B5B49B2256EC219005027D3 /* Assets.xcassets */ = {isa = PBXFileReference; lastKnownFileType = folder.assetcatalog; path = Assets.xcassets; sourceTree = "<group>"; };
		5B5B49B5256EC219005027D3 /* Base */ = {isa = PBXFileReference; lastKnownFileType = file.storyboard; name = Base; path = Base.lproj/LaunchScreen.storyboard; sourceTree = "<group>"; };
		5B5B49B7256EC219005027D3 /* Info.plist */ = {isa = PBXFileReference; lastKnownFileType = text.plist.xml; path = Info.plist; sourceTree = "<group>"; };
		5B7B1F7D25820E7D006C13E1 /* Ext+UIViewController.swift */ = {isa = PBXFileReference; lastKnownFileType = sourcecode.swift; path = "Ext+UIViewController.swift"; sourceTree = "<group>"; };
		5BA07CF0257F97C5009F11CA /* ViewControllersArray.swift */ = {isa = PBXFileReference; lastKnownFileType = sourcecode.swift; path = ViewControllersArray.swift; sourceTree = "<group>"; };
		5BA07CF6257F9BE0009F11CA /* Ext+UIView.swift */ = {isa = PBXFileReference; lastKnownFileType = sourcecode.swift; path = "Ext+UIView.swift"; sourceTree = "<group>"; };
		5BA07CFB257FCC2C009F11CA /* HerosViewController.swift */ = {isa = PBXFileReference; lastKnownFileType = sourcecode.swift; path = HerosViewController.swift; sourceTree = "<group>"; };
		5BA07CFE257FCC64009F11CA /* VillainsViewController.swift */ = {isa = PBXFileReference; lastKnownFileType = sourcecode.swift; path = VillainsViewController.swift; sourceTree = "<group>"; };
		5BA07D04257FE7E2009F11CA /* MarvelCharacters.swift */ = {isa = PBXFileReference; lastKnownFileType = sourcecode.swift; path = MarvelCharacters.swift; sourceTree = "<group>"; };
		5BA07D07257FE93B009F11CA /* Heros.swift */ = {isa = PBXFileReference; lastKnownFileType = sourcecode.swift; path = Heros.swift; sourceTree = "<group>"; };
		5BA07D0C257FECA6009F11CA /* HeroCell.swift */ = {isa = PBXFileReference; lastKnownFileType = sourcecode.swift; path = HeroCell.swift; sourceTree = "<group>"; };
		5BA07D0D257FECA6009F11CA /* HeroCell.xib */ = {isa = PBXFileReference; lastKnownFileType = file.xib; path = HeroCell.xib; sourceTree = "<group>"; };
		5BEBAEB3258125C100433476 /* DetailController.swift */ = {isa = PBXFileReference; lastKnownFileType = sourcecode.swift; path = DetailController.swift; sourceTree = "<group>"; };
		5BEBAEB4258125C100433476 /* DetailController.xib */ = {isa = PBXFileReference; lastKnownFileType = file.xib; path = DetailController.xib; sourceTree = "<group>"; };
		5BEBAEBC25814E8B00433476 /* CharactersStoryEnum.swift */ = {isa = PBXFileReference; lastKnownFileType = sourcecode.swift; path = CharactersStoryEnum.swift; sourceTree = "<group>"; };
/* End PBXFileReference section */

/* Begin PBXFrameworksBuildPhase section */
		5B5B49A3256EC218005027D3 /* Frameworks */ = {
			isa = PBXFrameworksBuildPhase;
			buildActionMask = 2147483647;
			files = (
			);
			runOnlyForDeploymentPostprocessing = 0;
		};
/* End PBXFrameworksBuildPhase section */

/* Begin PBXGroup section */
		5B5B499D256EC218005027D3 = {
			isa = PBXGroup;
			children = (
				5B5B49A8256EC218005027D3 /* AvengersApp */,
				5B5B49A7256EC218005027D3 /* Products */,
			);
			sourceTree = "<group>";
		};
		5B5B49A7256EC218005027D3 /* Products */ = {
			isa = PBXGroup;
			children = (
				5B5B49A6256EC218005027D3 /* AvengersApp.app */,
			);
			name = Products;
			sourceTree = "<group>";
		};
		5B5B49A8256EC218005027D3 /* AvengersApp */ = {
			isa = PBXGroup;
			children = (
				5BA07CE4257F88CC009F11CA /* App */,
				5BA07CE5257F88D3009F11CA /* Utils */,
				5BA07CE1257F88AD009F11CA /* Models */,
				5BA07CE2257F88B4009F11CA /* Views */,
				5BA07CE3257F88BB009F11CA /* Controllers */,
				5B5B49B2256EC219005027D3 /* Assets.xcassets */,
				5B5B49B7256EC219005027D3 /* Info.plist */,
			);
			path = AvengersApp;
			sourceTree = "<group>";
		};
		5BA07CE1257F88AD009F11CA /* Models */ = {
			isa = PBXGroup;
			children = (
				5BA07D04257FE7E2009F11CA /* MarvelCharacters.swift */,
				5BA07D07257FE93B009F11CA /* Heros.swift */,
			);
			path = Models;
			sourceTree = "<group>";
		};
		5BA07CE2257F88B4009F11CA /* Views */ = {
			isa = PBXGroup;
			children = (
				5BEBAEB8258125CA00433476 /* DetailView */,
				5BA07D0B257FEC83009F11CA /* HeroCell */,
				5BA07CE6257F88F9009F11CA /* Storyboards */,
			);
			path = Views;
			sourceTree = "<group>";
		};
		5BA07CE3257F88BB009F11CA /* Controllers */ = {
			isa = PBXGroup;
			children = (
				5B5B49AD256EC218005027D3 /* LaunchViewController.swift */,
				5BA07CFB257FCC2C009F11CA /* HerosViewController.swift */,
				5BA07CFE257FCC64009F11CA /* VillainsViewController.swift */,
				5BEBAEB3258125C100433476 /* DetailController.swift */,
			);
			path = Controllers;
			sourceTree = "<group>";
		};
		5BA07CE4257F88CC009F11CA /* App */ = {
			isa = PBXGroup;
			children = (
				5B5B49A9256EC218005027D3 /* AppDelegate.swift */,
				5B5B49AB256EC218005027D3 /* SceneDelegate.swift */,
			);
			path = App;
			sourceTree = "<group>";
		};
		5BA07CE5257F88D3009F11CA /* Utils */ = {
			isa = PBXGroup;
			children = (
				5BA07CF0257F97C5009F11CA /* ViewControllersArray.swift */,
				5BA07CF6257F9BE0009F11CA /* Ext+UIView.swift */,
				5BEBAEBC25814E8B00433476 /* CharactersStoryEnum.swift */,
				5B7B1F7D25820E7D006C13E1 /* Ext+UIViewController.swift */,
			);
			path = Utils;
			sourceTree = "<group>";
		};
		5BA07CE6257F88F9009F11CA /* Storyboards */ = {
			isa = PBXGroup;
			children = (
				5B5B49B4256EC219005027D3 /* LaunchScreen.storyboard */,
			);
			path = Storyboards;
			sourceTree = "<group>";
		};
		5BA07D0B257FEC83009F11CA /* HeroCell */ = {
			isa = PBXGroup;
			children = (
				5BA07D0C257FECA6009F11CA /* HeroCell.swift */,
				5BA07D0D257FECA6009F11CA /* HeroCell.xib */,
			);
			path = HeroCell;
			sourceTree = "<group>";
		};
		5BEBAEB8258125CA00433476 /* DetailView */ = {
			isa = PBXGroup;
			children = (
				5BEBAEB4258125C100433476 /* DetailController.xib */,
			);
			path = DetailView;
			sourceTree = "<group>";
		};
/* End PBXGroup section */

/* Begin PBXNativeTarget section */
		5B5B49A5256EC218005027D3 /* AvengersApp */ = {
			isa = PBXNativeTarget;
			buildConfigurationList = 5B5B49BA256EC219005027D3 /* Build configuration list for PBXNativeTarget "AvengersApp" */;
			buildPhases = (
				5B5B49A2256EC218005027D3 /* Sources */,
				5B5B49A3256EC218005027D3 /* Frameworks */,
				5B5B49A4256EC218005027D3 /* Resources */,
			);
			buildRules = (
			);
			dependencies = (
			);
			name = AvengersApp;
			productName = AvengersApp;
			productReference = 5B5B49A6256EC218005027D3 /* AvengersApp.app */;
			productType = "com.apple.product-type.application";
		};
/* End PBXNativeTarget section */

/* Begin PBXProject section */
		5B5B499E256EC218005027D3 /* Project object */ = {
			isa = PBXProject;
			attributes = {
				LastSwiftUpdateCheck = 1220;
				LastUpgradeCheck = 1220;
				TargetAttributes = {
					5B5B49A5256EC218005027D3 = {
						CreatedOnToolsVersion = 12.2;
					};
				};
			};
			buildConfigurationList = 5B5B49A1256EC218005027D3 /* Build configuration list for PBXProject "AvengersApp" */;
			compatibilityVersion = "Xcode 9.3";
			developmentRegion = en;
			hasScannedForEncodings = 0;
			knownRegions = (
				en,
				Base,
			);
			mainGroup = 5B5B499D256EC218005027D3;
			productRefGroup = 5B5B49A7256EC218005027D3 /* Products */;
			projectDirPath = "";
			projectRoot = "";
			targets = (
				5B5B49A5256EC218005027D3 /* AvengersApp */,
			);
		};
/* End PBXProject section */

/* Begin PBXResourcesBuildPhase section */
		5B5B49A4256EC218005027D3 /* Resources */ = {
			isa = PBXResourcesBuildPhase;
			buildActionMask = 2147483647;
			files = (
				5BEBAEB6258125C100433476 /* DetailController.xib in Resources */,
				5B5B49B6256EC219005027D3 /* LaunchScreen.storyboard in Resources */,
				5BA07D0F257FECA6009F11CA /* HeroCell.xib in Resources */,
				5B5B49B3256EC219005027D3 /* Assets.xcassets in Resources */,
			);
			runOnlyForDeploymentPostprocessing = 0;
		};
/* End PBXResourcesBuildPhase section */

/* Begin PBXSourcesBuildPhase section */
		5B5B49A2256EC218005027D3 /* Sources */ = {
			isa = PBXSourcesBuildPhase;
			buildActionMask = 2147483647;
			files = (
				5BA07D05257FE7E2009F11CA /* MarvelCharacters.swift in Sources */,
				5BA07CFF257FCC64009F11CA /* VillainsViewController.swift in Sources */,
				5BA07CF7257F9BE0009F11CA /* Ext+UIView.swift in Sources */,
				5BEBAEB5258125C100433476 /* DetailController.swift in Sources */,
				5B5B49AE256EC218005027D3 /* LaunchViewController.swift in Sources */,
				5B5B49AA256EC218005027D3 /* AppDelegate.swift in Sources */,
				5BEBAEBD25814E8B00433476 /* CharactersStoryEnum.swift in Sources */,
				5B7B1F7E25820E7D006C13E1 /* Ext+UIViewController.swift in Sources */,
				5BA07D0E257FECA6009F11CA /* HeroCell.swift in Sources */,
				5BA07CFC257FCC2C009F11CA /* HerosViewController.swift in Sources */,
				5BA07CF1257F97C5009F11CA /* ViewControllersArray.swift in Sources */,
				5B5B49AC256EC218005027D3 /* SceneDelegate.swift in Sources */,
				5BA07D08257FE93B009F11CA /* Heros.swift in Sources */,
			);
			runOnlyForDeploymentPostprocessing = 0;
		};
/* End PBXSourcesBuildPhase section */

/* Begin PBXVariantGroup section */
		5B5B49B4256EC219005027D3 /* LaunchScreen.storyboard */ = {
			isa = PBXVariantGroup;
			children = (
				5B5B49B5256EC219005027D3 /* Base */,
			);
			name = LaunchScreen.storyboard;
			sourceTree = "<group>";
		};
/* End PBXVariantGroup section */

/* Begin XCBuildConfiguration section */
		5B5B49B8256EC219005027D3 /* Debug */ = {
			isa = XCBuildConfiguration;
			buildSettings = {
				ALWAYS_SEARCH_USER_PATHS = NO;
				CLANG_ANALYZER_NONNULL = YES;
				CLANG_ANALYZER_NUMBER_OBJECT_CONVERSION = YES_AGGRESSIVE;
				CLANG_CXX_LANGUAGE_STANDARD = "gnu++14";
				CLANG_CXX_LIBRARY = "libc++";
				CLANG_ENABLE_MODULES = YES;
				CLANG_ENABLE_OBJC_ARC = YES;
				CLANG_ENABLE_OBJC_WEAK = YES;
				CLANG_WARN_BLOCK_CAPTURE_AUTORELEASING = YES;
				CLANG_WARN_BOOL_CONVERSION = YES;
				CLANG_WARN_COMMA = YES;
				CLANG_WARN_CONSTANT_CONVERSION = YES;
				CLANG_WARN_DEPRECATED_OBJC_IMPLEMENTATIONS = YES;
				CLANG_WARN_DIRECT_OBJC_ISA_USAGE = YES_ERROR;
				CLANG_WARN_DOCUMENTATION_COMMENTS = YES;
				CLANG_WARN_EMPTY_BODY = YES;
				CLANG_WARN_ENUM_CONVERSION = YES;
				CLANG_WARN_INFINITE_RECURSION = YES;
				CLANG_WARN_INT_CONVERSION = YES;
				CLANG_WARN_NON_LITERAL_NULL_CONVERSION = YES;
				CLANG_WARN_OBJC_IMPLICIT_RETAIN_SELF = YES;
				CLANG_WARN_OBJC_LITERAL_CONVERSION = YES;
				CLANG_WARN_OBJC_ROOT_CLASS = YES_ERROR;
				CLANG_WARN_QUOTED_INCLUDE_IN_FRAMEWORK_HEADER = YES;
				CLANG_WARN_RANGE_LOOP_ANALYSIS = YES;
				CLANG_WARN_STRICT_PROTOTYPES = YES;
				CLANG_WARN_SUSPICIOUS_MOVE = YES;
				CLANG_WARN_UNGUARDED_AVAILABILITY = YES_AGGRESSIVE;
				CLANG_WARN_UNREACHABLE_CODE = YES;
				CLANG_WARN__DUPLICATE_METHOD_MATCH = YES;
				COPY_PHASE_STRIP = NO;
				DEBUG_INFORMATION_FORMAT = dwarf;
				ENABLE_STRICT_OBJC_MSGSEND = YES;
				ENABLE_TESTABILITY = YES;
				GCC_C_LANGUAGE_STANDARD = gnu11;
				GCC_DYNAMIC_NO_PIC = NO;
				GCC_NO_COMMON_BLOCKS = YES;
				GCC_OPTIMIZATION_LEVEL = 0;
				GCC_PREPROCESSOR_DEFINITIONS = (
					"DEBUG=1",
					"$(inherited)",
				);
				GCC_WARN_64_TO_32_BIT_CONVERSION = YES;
				GCC_WARN_ABOUT_RETURN_TYPE = YES_ERROR;
				GCC_WARN_UNDECLARED_SELECTOR = YES;
				GCC_WARN_UNINITIALIZED_AUTOS = YES_AGGRESSIVE;
				GCC_WARN_UNUSED_FUNCTION = YES;
				GCC_WARN_UNUSED_VARIABLE = YES;
				IPHONEOS_DEPLOYMENT_TARGET = 13.0;
				MTL_ENABLE_DEBUG_INFO = INCLUDE_SOURCE;
				MTL_FAST_MATH = YES;
				ONLY_ACTIVE_ARCH = YES;
				SDKROOT = iphoneos;
				SWIFT_ACTIVE_COMPILATION_CONDITIONS = DEBUG;
				SWIFT_OPTIMIZATION_LEVEL = "-Onone";
			};
			name = Debug;
		};
		5B5B49B9256EC219005027D3 /* Release */ = {
			isa = XCBuildConfiguration;
			buildSettings = {
				ALWAYS_SEARCH_USER_PATHS = NO;
				CLANG_ANALYZER_NONNULL = YES;
				CLANG_ANALYZER_NUMBER_OBJECT_CONVERSION = YES_AGGRESSIVE;
				CLANG_CXX_LANGUAGE_STANDARD = "gnu++14";
				CLANG_CXX_LIBRARY = "libc++";
				CLANG_ENABLE_MODULES = YES;
				CLANG_ENABLE_OBJC_ARC = YES;
				CLANG_ENABLE_OBJC_WEAK = YES;
				CLANG_WARN_BLOCK_CAPTURE_AUTORELEASING = YES;
				CLANG_WARN_BOOL_CONVERSION = YES;
				CLANG_WARN_COMMA = YES;
				CLANG_WARN_CONSTANT_CONVERSION = YES;
				CLANG_WARN_DEPRECATED_OBJC_IMPLEMENTATIONS = YES;
				CLANG_WARN_DIRECT_OBJC_ISA_USAGE = YES_ERROR;
				CLANG_WARN_DOCUMENTATION_COMMENTS = YES;
				CLANG_WARN_EMPTY_BODY = YES;
				CLANG_WARN_ENUM_CONVERSION = YES;
				CLANG_WARN_INFINITE_RECURSION = YES;
				CLANG_WARN_INT_CONVERSION = YES;
				CLANG_WARN_NON_LITERAL_NULL_CONVERSION = YES;
				CLANG_WARN_OBJC_IMPLICIT_RETAIN_SELF = YES;
				CLANG_WARN_OBJC_LITERAL_CONVERSION = YES;
				CLANG_WARN_OBJC_ROOT_CLASS = YES_ERROR;
				CLANG_WARN_QUOTED_INCLUDE_IN_FRAMEWORK_HEADER = YES;
				CLANG_WARN_RANGE_LOOP_ANALYSIS = YES;
				CLANG_WARN_STRICT_PROTOTYPES = YES;
				CLANG_WARN_SUSPICIOUS_MOVE = YES;
				CLANG_WARN_UNGUARDED_AVAILABILITY = YES_AGGRESSIVE;
				CLANG_WARN_UNREACHABLE_CODE = YES;
				CLANG_WARN__DUPLICATE_METHOD_MATCH = YES;
				COPY_PHASE_STRIP = NO;
				DEBUG_INFORMATION_FORMAT = "dwarf-with-dsym";
				ENABLE_NS_ASSERTIONS = NO;
				ENABLE_STRICT_OBJC_MSGSEND = YES;
				GCC_C_LANGUAGE_STANDARD = gnu11;
				GCC_NO_COMMON_BLOCKS = YES;
				GCC_WARN_64_TO_32_BIT_CONVERSION = YES;
				GCC_WARN_ABOUT_RETURN_TYPE = YES_ERROR;
				GCC_WARN_UNDECLARED_SELECTOR = YES;
				GCC_WARN_UNINITIALIZED_AUTOS = YES_AGGRESSIVE;
				GCC_WARN_UNUSED_FUNCTION = YES;
				GCC_WARN_UNUSED_VARIABLE = YES;
				IPHONEOS_DEPLOYMENT_TARGET = 13.0;
				MTL_ENABLE_DEBUG_INFO = NO;
				MTL_FAST_MATH = YES;
				SDKROOT = iphoneos;
				SWIFT_COMPILATION_MODE = wholemodule;
				SWIFT_OPTIMIZATION_LEVEL = "-O";
				VALIDATE_PRODUCT = YES;
			};
			name = Release;
		};
		5B5B49BB256EC219005027D3 /* Debug */ = {
			isa = XCBuildConfiguration;
			buildSettings = {
				ASSETCATALOG_COMPILER_APPICON_NAME = AppIcon;
				ASSETCATALOG_COMPILER_GLOBAL_ACCENT_COLOR_NAME = AccentColor;
				CODE_SIGN_STYLE = Automatic;
				DEVELOPMENT_TEAM = 2Q7F87669V;
				INFOPLIST_FILE = AvengersApp/Info.plist;
				LD_RUNPATH_SEARCH_PATHS = (
					"$(inherited)",
					"@executable_path/Frameworks",
				);
				PRODUCT_BUNDLE_IDENTIFIER = app.rodri.AvengersApp;
				PRODUCT_NAME = "$(TARGET_NAME)";
				SWIFT_VERSION = 5.0;
				TARGETED_DEVICE_FAMILY = 1;
			};
			name = Debug;
		};
		5B5B49BC256EC219005027D3 /* Release */ = {
			isa = XCBuildConfiguration;
			buildSettings = {
				ASSETCATALOG_COMPILER_APPICON_NAME = AppIcon;
				ASSETCATALOG_COMPILER_GLOBAL_ACCENT_COLOR_NAME = AccentColor;
				CODE_SIGN_STYLE = Automatic;
				DEVELOPMENT_TEAM = 2Q7F87669V;
				INFOPLIST_FILE = AvengersApp/Info.plist;
				LD_RUNPATH_SEARCH_PATHS = (
					"$(inherited)",
					"@executable_path/Frameworks",
				);
				PRODUCT_BUNDLE_IDENTIFIER = app.rodri.AvengersApp;
				PRODUCT_NAME = "$(TARGET_NAME)";
				SWIFT_VERSION = 5.0;
				TARGETED_DEVICE_FAMILY = 1;
			};
			name = Release;
		};
/* End XCBuildConfiguration section */

/* Begin XCConfigurationList section */
		5B5B49A1256EC218005027D3 /* Build configuration list for PBXProject "AvengersApp" */ = {
			isa = XCConfigurationList;
			buildConfigurations = (
				5B5B49B8256EC219005027D3 /* Debug */,
				5B5B49B9256EC219005027D3 /* Release */,
			);
			defaultConfigurationIsVisible = 0;
			defaultConfigurationName = Release;
		};
		5B5B49BA256EC219005027D3 /* Build configuration list for PBXNativeTarget "AvengersApp" */ = {
			isa = XCConfigurationList;
			buildConfigurations = (
				5B5B49BB256EC219005027D3 /* Debug */,
				5B5B49BC256EC219005027D3 /* Release */,
			);
			defaultConfigurationIsVisible = 0;
			defaultConfigurationName = Release;
		};
/* End XCConfigurationList section */
	};
	rootObject = 5B5B499E256EC218005027D3 /* Project object */;
}
